// !$*UTF8*$!
{
	archiveVersion = 1;
	classes = {
	};
	objectVersion = 51;
	objects = {

/* Begin PBXBuildFile section */
		2EB761FB25BBAFF500F12002 /* DeliveryModuleTests.swift in Sources */ = {isa = PBXBuildFile; fileRef = 2EB761FA25BBAFF500F12002 /* DeliveryModuleTests.swift */; };
		2EB7620225BBB03000F12002 /* DeliveryDetailsPresenter.swift in Sources */ = {isa = PBXBuildFile; fileRef = A8036DBE25B890BD00188698 /* DeliveryDetailsPresenter.swift */; };
		2EB7620325BBB03000F12002 /* DeliveryDetailsView.swift in Sources */ = {isa = PBXBuildFile; fileRef = A8036DC225B890BD00188698 /* DeliveryDetailsView.swift */; };
		2EB7620425BBB03000F12002 /* DeliveryDetailsRouter.swift in Sources */ = {isa = PBXBuildFile; fileRef = A8036DBF25B890BD00188698 /* DeliveryDetailsRouter.swift */; };
		2EB7620525BBB03000F12002 /* DeliveryDetailsContracts.swift in Sources */ = {isa = PBXBuildFile; fileRef = A8036DC025B890BD00188698 /* DeliveryDetailsContracts.swift */; };
		2EB7620625BBB03000F12002 /* DeliveryDetailsInteractor.swift in Sources */ = {isa = PBXBuildFile; fileRef = A8036DC125B890BD00188698 /* DeliveryDetailsInteractor.swift */; };
		2EB7620725BBB03000F12002 /* DeliveryDetailsView.xib in Resources */ = {isa = PBXBuildFile; fileRef = A8036DC325B890BD00188698 /* DeliveryDetailsView.xib */; };
		2EB7620825BBB03000F12002 /* DeliveryDetailsEntity.swift in Sources */ = {isa = PBXBuildFile; fileRef = A8036DC425B890BD00188698 /* DeliveryDetailsEntity.swift */; };
		2EB7621225BBB41C00F12002 /* UIViewController + Extensions.swift in Sources */ = {isa = PBXBuildFile; fileRef = A8036DEF25B897B800188698 /* UIViewController + Extensions.swift */; };
		2EB7621325BBB41C00F12002 /* Reachability.swift in Sources */ = {isa = PBXBuildFile; fileRef = A8036DE525B8963600188698 /* Reachability.swift */; };
		2EB7621425BBB41C00F12002 /* Alamofire + Extensions.swift in Sources */ = {isa = PBXBuildFile; fileRef = A8036DDB25B895C900188698 /* Alamofire + Extensions.swift */; };
		2EB7621525BBB41C00F12002 /* StringConstants.swift in Sources */ = {isa = PBXBuildFile; fileRef = A8036DE025B895F300188698 /* StringConstants.swift */; };
		2EB7621625BBB41C00F12002 /* Extensions.swift in Sources */ = {isa = PBXBuildFile; fileRef = A8036DEA25B8975900188698 /* Extensions.swift */; };
		2EB7621725BBB41C00F12002 /* Constants.swift in Sources */ = {isa = PBXBuildFile; fileRef = A8036D9525B87D8D00188698 /* Constants.swift */; };
		2EB7621B25BBB42400F12002 /* DeliveriesListPresenter.swift in Sources */ = {isa = PBXBuildFile; fileRef = A8036DAC25B8907E00188698 /* DeliveriesListPresenter.swift */; };
		2EB7621C25BBB42400F12002 /* DeliveriesListContracts.swift in Sources */ = {isa = PBXBuildFile; fileRef = A8036DAE25B8907E00188698 /* DeliveriesListContracts.swift */; };
		2EB7621D25BBB42400F12002 /* DeliveriesListInteractor.swift in Sources */ = {isa = PBXBuildFile; fileRef = A8036DAF25B8907E00188698 /* DeliveriesListInteractor.swift */; };
		2EB7621E25BBB42400F12002 /* DeliveriesListView.xib in Resources */ = {isa = PBXBuildFile; fileRef = A8036DB125B8907E00188698 /* DeliveriesListView.xib */; };
		2EB7621F25BBB42400F12002 /* DeliveriesListEntity.swift in Sources */ = {isa = PBXBuildFile; fileRef = A8036DB225B8907E00188698 /* DeliveriesListEntity.swift */; };
		2EB7622025BBB42400F12002 /* DeliveriesListRouter.swift in Sources */ = {isa = PBXBuildFile; fileRef = A8036DAD25B8907E00188698 /* DeliveriesListRouter.swift */; };
		2EB7622125BBB42400F12002 /* DeliveriesListView.swift in Sources */ = {isa = PBXBuildFile; fileRef = A8036DB025B8907E00188698 /* DeliveriesListView.swift */; };
		2EB7622525BBB42B00F12002 /* DeliveryListCell.swift in Sources */ = {isa = PBXBuildFile; fileRef = A8036DD425B8936C00188698 /* DeliveryListCell.swift */; };
		2EB7622625BBB42B00F12002 /* DeliveryListCell.xib in Resources */ = {isa = PBXBuildFile; fileRef = A8036DD525B8936C00188698 /* DeliveryListCell.xib */; };
		3805BB65E2C3DD257B4B23E2 /* Pods_PaackTest_iOSTests.framework in Frameworks */ = {isa = PBXBuildFile; fileRef = E3F483DBF400BB63BE39751A /* Pods_PaackTest_iOSTests.framework */; };
		A8036D4C25B85F2200188698 /* AppDelegate.swift in Sources */ = {isa = PBXBuildFile; fileRef = A8036D4B25B85F2200188698 /* AppDelegate.swift */; };
		A8036D5525B85F2400188698 /* Assets.xcassets in Resources */ = {isa = PBXBuildFile; fileRef = A8036D5425B85F2400188698 /* Assets.xcassets */; };
		A8036D5825B85F2400188698 /* LaunchScreen.storyboard in Resources */ = {isa = PBXBuildFile; fileRef = A8036D5625B85F2400188698 /* LaunchScreen.storyboard */; };
		A8036D6325B85F2400188698 /* PaackTest_iOSTests.swift in Sources */ = {isa = PBXBuildFile; fileRef = A8036D6225B85F2400188698 /* PaackTest_iOSTests.swift */; };
		A8036D6E25B85F2400188698 /* PaackTest_iOSUITests.swift in Sources */ = {isa = PBXBuildFile; fileRef = A8036D6D25B85F2400188698 /* PaackTest_iOSUITests.swift */; };
		A8036D9625B87D8D00188698 /* Constants.swift in Sources */ = {isa = PBXBuildFile; fileRef = A8036D9525B87D8D00188698 /* Constants.swift */; };
		A8036DB325B8907E00188698 /* DeliveriesListPresenter.swift in Sources */ = {isa = PBXBuildFile; fileRef = A8036DAC25B8907E00188698 /* DeliveriesListPresenter.swift */; };
		A8036DB425B8907E00188698 /* DeliveriesListRouter.swift in Sources */ = {isa = PBXBuildFile; fileRef = A8036DAD25B8907E00188698 /* DeliveriesListRouter.swift */; };
		A8036DB525B8907E00188698 /* DeliveriesListContracts.swift in Sources */ = {isa = PBXBuildFile; fileRef = A8036DAE25B8907E00188698 /* DeliveriesListContracts.swift */; };
		A8036DB625B8907E00188698 /* DeliveriesListInteractor.swift in Sources */ = {isa = PBXBuildFile; fileRef = A8036DAF25B8907E00188698 /* DeliveriesListInteractor.swift */; };
		A8036DB725B8907E00188698 /* DeliveriesListView.swift in Sources */ = {isa = PBXBuildFile; fileRef = A8036DB025B8907E00188698 /* DeliveriesListView.swift */; };
		A8036DB825B8907E00188698 /* DeliveriesListView.xib in Resources */ = {isa = PBXBuildFile; fileRef = A8036DB125B8907E00188698 /* DeliveriesListView.xib */; };
		A8036DB925B8907E00188698 /* DeliveriesListEntity.swift in Sources */ = {isa = PBXBuildFile; fileRef = A8036DB225B8907E00188698 /* DeliveriesListEntity.swift */; };
		A8036DC525B890BD00188698 /* DeliveryDetailsPresenter.swift in Sources */ = {isa = PBXBuildFile; fileRef = A8036DBE25B890BD00188698 /* DeliveryDetailsPresenter.swift */; };
		A8036DC625B890BD00188698 /* DeliveryDetailsRouter.swift in Sources */ = {isa = PBXBuildFile; fileRef = A8036DBF25B890BD00188698 /* DeliveryDetailsRouter.swift */; };
		A8036DC725B890BD00188698 /* DeliveryDetailsContracts.swift in Sources */ = {isa = PBXBuildFile; fileRef = A8036DC025B890BD00188698 /* DeliveryDetailsContracts.swift */; };
		A8036DC825B890BD00188698 /* DeliveryDetailsInteractor.swift in Sources */ = {isa = PBXBuildFile; fileRef = A8036DC125B890BD00188698 /* DeliveryDetailsInteractor.swift */; };
		A8036DC925B890BD00188698 /* DeliveryDetailsView.swift in Sources */ = {isa = PBXBuildFile; fileRef = A8036DC225B890BD00188698 /* DeliveryDetailsView.swift */; };
		A8036DCA25B890BD00188698 /* DeliveryDetailsView.xib in Resources */ = {isa = PBXBuildFile; fileRef = A8036DC325B890BD00188698 /* DeliveryDetailsView.xib */; };
		A8036DCB25B890BD00188698 /* DeliveryDetailsEntity.swift in Sources */ = {isa = PBXBuildFile; fileRef = A8036DC425B890BD00188698 /* DeliveryDetailsEntity.swift */; };
		A8036DD625B8936C00188698 /* DeliveryListCell.swift in Sources */ = {isa = PBXBuildFile; fileRef = A8036DD425B8936C00188698 /* DeliveryListCell.swift */; };
		A8036DD725B8936C00188698 /* DeliveryListCell.xib in Resources */ = {isa = PBXBuildFile; fileRef = A8036DD525B8936C00188698 /* DeliveryListCell.xib */; };
		A8036DDC25B895C900188698 /* Alamofire + Extensions.swift in Sources */ = {isa = PBXBuildFile; fileRef = A8036DDB25B895C900188698 /* Alamofire + Extensions.swift */; };
		A8036DE125B895F300188698 /* StringConstants.swift in Sources */ = {isa = PBXBuildFile; fileRef = A8036DE025B895F300188698 /* StringConstants.swift */; };
		A8036DE625B8963600188698 /* Reachability.swift in Sources */ = {isa = PBXBuildFile; fileRef = A8036DE525B8963600188698 /* Reachability.swift */; };
		A8036DEB25B8975900188698 /* Extensions.swift in Sources */ = {isa = PBXBuildFile; fileRef = A8036DEA25B8975900188698 /* Extensions.swift */; };
		A8036DF025B897B800188698 /* UIViewController + Extensions.swift in Sources */ = {isa = PBXBuildFile; fileRef = A8036DEF25B897B800188698 /* UIViewController + Extensions.swift */; };
		E3F4A1A385C0AD4A0251996B /* Pods_PaackTest_iOS_PaackTest_iOSUITests.framework in Frameworks */ = {isa = PBXBuildFile; fileRef = 34ED502D904E4D45719D399E /* Pods_PaackTest_iOS_PaackTest_iOSUITests.framework */; };
		F1D080418E314A2D7D84C2F7 /* Pods_PaackTest_iOS.framework in Frameworks */ = {isa = PBXBuildFile; fileRef = 9C68B79E03296DD13B2C59CE /* Pods_PaackTest_iOS.framework */; };
/* End PBXBuildFile section */

/* Begin PBXContainerItemProxy section */
		A8036D5F25B85F2400188698 /* PBXContainerItemProxy */ = {
			isa = PBXContainerItemProxy;
			containerPortal = A8036D4025B85F2200188698 /* Project object */;
			proxyType = 1;
			remoteGlobalIDString = A8036D4725B85F2200188698;
			remoteInfo = "PaackTest-iOS";
		};
		A8036D6A25B85F2400188698 /* PBXContainerItemProxy */ = {
			isa = PBXContainerItemProxy;
			containerPortal = A8036D4025B85F2200188698 /* Project object */;
			proxyType = 1;
			remoteGlobalIDString = A8036D4725B85F2200188698;
			remoteInfo = "PaackTest-iOS";
		};
/* End PBXContainerItemProxy section */

/* Begin PBXFileReference section */
		07CACBBAFFD405007F231A51 /* Pods-PaackTest-iOS.debug.xcconfig */ = {isa = PBXFileReference; includeInIndex = 1; lastKnownFileType = text.xcconfig; name = "Pods-PaackTest-iOS.debug.xcconfig"; path = "Target Support Files/Pods-PaackTest-iOS/Pods-PaackTest-iOS.debug.xcconfig"; sourceTree = "<group>"; };
		0AA53BFB33BC5EB6CC5567D5 /* Pods-PaackTest-iOS-PaackTest-iOSUITests.debug.xcconfig */ = {isa = PBXFileReference; includeInIndex = 1; lastKnownFileType = text.xcconfig; name = "Pods-PaackTest-iOS-PaackTest-iOSUITests.debug.xcconfig"; path = "Target Support Files/Pods-PaackTest-iOS-PaackTest-iOSUITests/Pods-PaackTest-iOS-PaackTest-iOSUITests.debug.xcconfig"; sourceTree = "<group>"; };
		2EB761FA25BBAFF500F12002 /* DeliveryModuleTests.swift */ = {isa = PBXFileReference; lastKnownFileType = sourcecode.swift; path = DeliveryModuleTests.swift; sourceTree = "<group>"; };
		34ED502D904E4D45719D399E /* Pods_PaackTest_iOS_PaackTest_iOSUITests.framework */ = {isa = PBXFileReference; explicitFileType = wrapper.framework; includeInIndex = 0; path = Pods_PaackTest_iOS_PaackTest_iOSUITests.framework; sourceTree = BUILT_PRODUCTS_DIR; };
		64FC7FEA16D9878509478879 /* Pods-PaackTest-iOS-PaackTest-iOSUITests.release.xcconfig */ = {isa = PBXFileReference; includeInIndex = 1; lastKnownFileType = text.xcconfig; name = "Pods-PaackTest-iOS-PaackTest-iOSUITests.release.xcconfig"; path = "Target Support Files/Pods-PaackTest-iOS-PaackTest-iOSUITests/Pods-PaackTest-iOS-PaackTest-iOSUITests.release.xcconfig"; sourceTree = "<group>"; };
		9C68B79E03296DD13B2C59CE /* Pods_PaackTest_iOS.framework */ = {isa = PBXFileReference; explicitFileType = wrapper.framework; includeInIndex = 0; path = Pods_PaackTest_iOS.framework; sourceTree = BUILT_PRODUCTS_DIR; };
		A8036D4825B85F2200188698 /* PaackTest-iOS.app */ = {isa = PBXFileReference; explicitFileType = wrapper.application; includeInIndex = 0; path = "PaackTest-iOS.app"; sourceTree = BUILT_PRODUCTS_DIR; };
		A8036D4B25B85F2200188698 /* AppDelegate.swift */ = {isa = PBXFileReference; lastKnownFileType = sourcecode.swift; path = AppDelegate.swift; sourceTree = "<group>"; };
		A8036D5425B85F2400188698 /* Assets.xcassets */ = {isa = PBXFileReference; lastKnownFileType = folder.assetcatalog; path = Assets.xcassets; sourceTree = "<group>"; };
		A8036D5725B85F2400188698 /* Base */ = {isa = PBXFileReference; lastKnownFileType = file.storyboard; name = Base; path = Base.lproj/LaunchScreen.storyboard; sourceTree = "<group>"; };
		A8036D5925B85F2400188698 /* Info.plist */ = {isa = PBXFileReference; lastKnownFileType = text.plist.xml; path = Info.plist; sourceTree = "<group>"; };
		A8036D5E25B85F2400188698 /* PaackTest-iOSTests.xctest */ = {isa = PBXFileReference; explicitFileType = wrapper.cfbundle; includeInIndex = 0; path = "PaackTest-iOSTests.xctest"; sourceTree = BUILT_PRODUCTS_DIR; };
		A8036D6225B85F2400188698 /* PaackTest_iOSTests.swift */ = {isa = PBXFileReference; lastKnownFileType = sourcecode.swift; path = PaackTest_iOSTests.swift; sourceTree = "<group>"; };
		A8036D6425B85F2400188698 /* Info.plist */ = {isa = PBXFileReference; lastKnownFileType = text.plist.xml; path = Info.plist; sourceTree = "<group>"; };
		A8036D6925B85F2400188698 /* PaackTest-iOSUITests.xctest */ = {isa = PBXFileReference; explicitFileType = wrapper.cfbundle; includeInIndex = 0; path = "PaackTest-iOSUITests.xctest"; sourceTree = BUILT_PRODUCTS_DIR; };
		A8036D6D25B85F2400188698 /* PaackTest_iOSUITests.swift */ = {isa = PBXFileReference; lastKnownFileType = sourcecode.swift; path = PaackTest_iOSUITests.swift; sourceTree = "<group>"; };
		A8036D6F25B85F2400188698 /* Info.plist */ = {isa = PBXFileReference; lastKnownFileType = text.plist.xml; path = Info.plist; sourceTree = "<group>"; };
		A8036D9525B87D8D00188698 /* Constants.swift */ = {isa = PBXFileReference; lastKnownFileType = sourcecode.swift; path = Constants.swift; sourceTree = "<group>"; };
		A8036DAC25B8907E00188698 /* DeliveriesListPresenter.swift */ = {isa = PBXFileReference; lastKnownFileType = sourcecode.swift; path = DeliveriesListPresenter.swift; sourceTree = "<group>"; };
		A8036DAD25B8907E00188698 /* DeliveriesListRouter.swift */ = {isa = PBXFileReference; lastKnownFileType = sourcecode.swift; path = DeliveriesListRouter.swift; sourceTree = "<group>"; };
		A8036DAE25B8907E00188698 /* DeliveriesListContracts.swift */ = {isa = PBXFileReference; lastKnownFileType = sourcecode.swift; path = DeliveriesListContracts.swift; sourceTree = "<group>"; };
		A8036DAF25B8907E00188698 /* DeliveriesListInteractor.swift */ = {isa = PBXFileReference; lastKnownFileType = sourcecode.swift; path = DeliveriesListInteractor.swift; sourceTree = "<group>"; };
		A8036DB025B8907E00188698 /* DeliveriesListView.swift */ = {isa = PBXFileReference; lastKnownFileType = sourcecode.swift; path = DeliveriesListView.swift; sourceTree = "<group>"; };
		A8036DB125B8907E00188698 /* DeliveriesListView.xib */ = {isa = PBXFileReference; lastKnownFileType = file.xib; path = DeliveriesListView.xib; sourceTree = "<group>"; };
		A8036DB225B8907E00188698 /* DeliveriesListEntity.swift */ = {isa = PBXFileReference; lastKnownFileType = sourcecode.swift; path = DeliveriesListEntity.swift; sourceTree = "<group>"; };
		A8036DBE25B890BD00188698 /* DeliveryDetailsPresenter.swift */ = {isa = PBXFileReference; lastKnownFileType = sourcecode.swift; path = DeliveryDetailsPresenter.swift; sourceTree = "<group>"; };
		A8036DBF25B890BD00188698 /* DeliveryDetailsRouter.swift */ = {isa = PBXFileReference; lastKnownFileType = sourcecode.swift; path = DeliveryDetailsRouter.swift; sourceTree = "<group>"; };
		A8036DC025B890BD00188698 /* DeliveryDetailsContracts.swift */ = {isa = PBXFileReference; lastKnownFileType = sourcecode.swift; path = DeliveryDetailsContracts.swift; sourceTree = "<group>"; };
		A8036DC125B890BD00188698 /* DeliveryDetailsInteractor.swift */ = {isa = PBXFileReference; lastKnownFileType = sourcecode.swift; path = DeliveryDetailsInteractor.swift; sourceTree = "<group>"; };
		A8036DC225B890BD00188698 /* DeliveryDetailsView.swift */ = {isa = PBXFileReference; lastKnownFileType = sourcecode.swift; path = DeliveryDetailsView.swift; sourceTree = "<group>"; };
		A8036DC325B890BD00188698 /* DeliveryDetailsView.xib */ = {isa = PBXFileReference; lastKnownFileType = file.xib; path = DeliveryDetailsView.xib; sourceTree = "<group>"; };
		A8036DC425B890BD00188698 /* DeliveryDetailsEntity.swift */ = {isa = PBXFileReference; lastKnownFileType = sourcecode.swift; path = DeliveryDetailsEntity.swift; sourceTree = "<group>"; };
		A8036DD425B8936C00188698 /* DeliveryListCell.swift */ = {isa = PBXFileReference; lastKnownFileType = sourcecode.swift; path = DeliveryListCell.swift; sourceTree = "<group>"; };
		A8036DD525B8936C00188698 /* DeliveryListCell.xib */ = {isa = PBXFileReference; lastKnownFileType = file.xib; path = DeliveryListCell.xib; sourceTree = "<group>"; };
		A8036DDB25B895C900188698 /* Alamofire + Extensions.swift */ = {isa = PBXFileReference; fileEncoding = 4; lastKnownFileType = sourcecode.swift; path = "Alamofire + Extensions.swift"; sourceTree = "<group>"; };
		A8036DE025B895F300188698 /* StringConstants.swift */ = {isa = PBXFileReference; lastKnownFileType = sourcecode.swift; path = StringConstants.swift; sourceTree = "<group>"; };
		A8036DE525B8963600188698 /* Reachability.swift */ = {isa = PBXFileReference; lastKnownFileType = sourcecode.swift; path = Reachability.swift; sourceTree = "<group>"; };
		A8036DEA25B8975900188698 /* Extensions.swift */ = {isa = PBXFileReference; lastKnownFileType = sourcecode.swift; path = Extensions.swift; sourceTree = "<group>"; };
		A8036DEF25B897B800188698 /* UIViewController + Extensions.swift */ = {isa = PBXFileReference; fileEncoding = 4; lastKnownFileType = sourcecode.swift; path = "UIViewController + Extensions.swift"; sourceTree = "<group>"; };
		BAC8A7127E29A218165FA75E /* Pods-PaackTest-iOSTests.release.xcconfig */ = {isa = PBXFileReference; includeInIndex = 1; lastKnownFileType = text.xcconfig; name = "Pods-PaackTest-iOSTests.release.xcconfig"; path = "Target Support Files/Pods-PaackTest-iOSTests/Pods-PaackTest-iOSTests.release.xcconfig"; sourceTree = "<group>"; };
		E3F483DBF400BB63BE39751A /* Pods_PaackTest_iOSTests.framework */ = {isa = PBXFileReference; explicitFileType = wrapper.framework; includeInIndex = 0; path = Pods_PaackTest_iOSTests.framework; sourceTree = BUILT_PRODUCTS_DIR; };
		EAC753E81987E89E2A0F9672 /* Pods-PaackTest-iOS.release.xcconfig */ = {isa = PBXFileReference; includeInIndex = 1; lastKnownFileType = text.xcconfig; name = "Pods-PaackTest-iOS.release.xcconfig"; path = "Target Support Files/Pods-PaackTest-iOS/Pods-PaackTest-iOS.release.xcconfig"; sourceTree = "<group>"; };
		FC7C0C3F961A260BBB3EAF72 /* Pods-PaackTest-iOSTests.debug.xcconfig */ = {isa = PBXFileReference; includeInIndex = 1; lastKnownFileType = text.xcconfig; name = "Pods-PaackTest-iOSTests.debug.xcconfig"; path = "Target Support Files/Pods-PaackTest-iOSTests/Pods-PaackTest-iOSTests.debug.xcconfig"; sourceTree = "<group>"; };
/* End PBXFileReference section */

/* Begin PBXFrameworksBuildPhase section */
		A8036D4525B85F2200188698 /* Frameworks */ = {
			isa = PBXFrameworksBuildPhase;
			buildActionMask = 2147483647;
			files = (
				F1D080418E314A2D7D84C2F7 /* Pods_PaackTest_iOS.framework in Frameworks */,
			);
			runOnlyForDeploymentPostprocessing = 0;
		};
		A8036D5B25B85F2400188698 /* Frameworks */ = {
			isa = PBXFrameworksBuildPhase;
			buildActionMask = 2147483647;
			files = (
				3805BB65E2C3DD257B4B23E2 /* Pods_PaackTest_iOSTests.framework in Frameworks */,
			);
			runOnlyForDeploymentPostprocessing = 0;
		};
		A8036D6625B85F2400188698 /* Frameworks */ = {
			isa = PBXFrameworksBuildPhase;
			buildActionMask = 2147483647;
			files = (
				E3F4A1A385C0AD4A0251996B /* Pods_PaackTest_iOS_PaackTest_iOSUITests.framework in Frameworks */,
			);
			runOnlyForDeploymentPostprocessing = 0;
		};
/* End PBXFrameworksBuildPhase section */

/* Begin PBXGroup section */
		2EB761F925BBAFC600F12002 /* DeliveryDetails */ = {
			isa = PBXGroup;
			children = (
				2EB761FA25BBAFF500F12002 /* DeliveryModuleTests.swift */,
			);
			path = DeliveryDetails;
			sourceTree = "<group>";
		};
		A8036D3F25B85F2200188698 = {
			isa = PBXGroup;
			children = (
				A8036D4A25B85F2200188698 /* PaackTest-iOS */,
				A8036D6125B85F2400188698 /* PaackTest-iOSTests */,
				A8036D6C25B85F2400188698 /* PaackTest-iOSUITests */,
				A8036D4925B85F2200188698 /* Products */,
				CE37790BC76DB1137D149D76 /* Pods */,
				F2E51F255D772BACEA0B0F17 /* Frameworks */,
			);
			sourceTree = "<group>";
		};
		A8036D4925B85F2200188698 /* Products */ = {
			isa = PBXGroup;
			children = (
				A8036D4825B85F2200188698 /* PaackTest-iOS.app */,
				A8036D5E25B85F2400188698 /* PaackTest-iOSTests.xctest */,
				A8036D6925B85F2400188698 /* PaackTest-iOSUITests.xctest */,
			);
			name = Products;
			sourceTree = "<group>";
		};
		A8036D4A25B85F2200188698 /* PaackTest-iOS */ = {
			isa = PBXGroup;
			children = (
				A8036D9425B87D8000188698 /* Utils */,
				A8036DAB25B8906500188698 /* Deliveries List */,
				A8036DBD25B8909E00188698 /* Delivery Details */,
				A8036D4B25B85F2200188698 /* AppDelegate.swift */,
				A8036D5425B85F2400188698 /* Assets.xcassets */,
				A8036D5625B85F2400188698 /* LaunchScreen.storyboard */,
				A8036D5925B85F2400188698 /* Info.plist */,
			);
			path = "PaackTest-iOS";
			sourceTree = "<group>";
		};
		A8036D6125B85F2400188698 /* PaackTest-iOSTests */ = {
			isa = PBXGroup;
			children = (
				2EB761F925BBAFC600F12002 /* DeliveryDetails */,
				A8036D6225B85F2400188698 /* PaackTest_iOSTests.swift */,
				A8036D6425B85F2400188698 /* Info.plist */,
			);
			path = "PaackTest-iOSTests";
			sourceTree = "<group>";
		};
		A8036D6C25B85F2400188698 /* PaackTest-iOSUITests */ = {
			isa = PBXGroup;
			children = (
				A8036D6D25B85F2400188698 /* PaackTest_iOSUITests.swift */,
				A8036D6F25B85F2400188698 /* Info.plist */,
			);
			path = "PaackTest-iOSUITests";
			sourceTree = "<group>";
		};
		A8036D9425B87D8000188698 /* Utils */ = {
			isa = PBXGroup;
			children = (
				A8036DEF25B897B800188698 /* UIViewController + Extensions.swift */,
				A8036DDB25B895C900188698 /* Alamofire + Extensions.swift */,
				A8036D9525B87D8D00188698 /* Constants.swift */,
				A8036DE025B895F300188698 /* StringConstants.swift */,
				A8036DE525B8963600188698 /* Reachability.swift */,
				A8036DEA25B8975900188698 /* Extensions.swift */,
			);
			path = Utils;
			sourceTree = "<group>";
		};
		A8036DAB25B8906500188698 /* Deliveries List */ = {
			isa = PBXGroup;
			children = (
				A8036DD225B8934300188698 /* Subviews */,
				A8036DAC25B8907E00188698 /* DeliveriesListPresenter.swift */,
				A8036DAD25B8907E00188698 /* DeliveriesListRouter.swift */,
				A8036DAE25B8907E00188698 /* DeliveriesListContracts.swift */,
				A8036DAF25B8907E00188698 /* DeliveriesListInteractor.swift */,
				A8036DB025B8907E00188698 /* DeliveriesListView.swift */,
				A8036DB125B8907E00188698 /* DeliveriesListView.xib */,
				A8036DB225B8907E00188698 /* DeliveriesListEntity.swift */,
			);
			path = "Deliveries List";
			sourceTree = "<group>";
		};
		A8036DBD25B8909E00188698 /* Delivery Details */ = {
			isa = PBXGroup;
			children = (
				A8036DBE25B890BD00188698 /* DeliveryDetailsPresenter.swift */,
				A8036DBF25B890BD00188698 /* DeliveryDetailsRouter.swift */,
				A8036DC025B890BD00188698 /* DeliveryDetailsContracts.swift */,
				A8036DC125B890BD00188698 /* DeliveryDetailsInteractor.swift */,
				A8036DC225B890BD00188698 /* DeliveryDetailsView.swift */,
				A8036DC325B890BD00188698 /* DeliveryDetailsView.xib */,
				A8036DC425B890BD00188698 /* DeliveryDetailsEntity.swift */,
			);
			path = "Delivery Details";
			sourceTree = "<group>";
		};
		A8036DD225B8934300188698 /* Subviews */ = {
			isa = PBXGroup;
			children = (
				A8036DD325B8934E00188698 /* DeliveryListCell */,
			);
			path = Subviews;
			sourceTree = "<group>";
		};
		A8036DD325B8934E00188698 /* DeliveryListCell */ = {
			isa = PBXGroup;
			children = (
				A8036DD425B8936C00188698 /* DeliveryListCell.swift */,
				A8036DD525B8936C00188698 /* DeliveryListCell.xib */,
			);
			path = DeliveryListCell;
			sourceTree = "<group>";
		};
		CE37790BC76DB1137D149D76 /* Pods */ = {
			isa = PBXGroup;
			children = (
				07CACBBAFFD405007F231A51 /* Pods-PaackTest-iOS.debug.xcconfig */,
				EAC753E81987E89E2A0F9672 /* Pods-PaackTest-iOS.release.xcconfig */,
				0AA53BFB33BC5EB6CC5567D5 /* Pods-PaackTest-iOS-PaackTest-iOSUITests.debug.xcconfig */,
				64FC7FEA16D9878509478879 /* Pods-PaackTest-iOS-PaackTest-iOSUITests.release.xcconfig */,
				FC7C0C3F961A260BBB3EAF72 /* Pods-PaackTest-iOSTests.debug.xcconfig */,
				BAC8A7127E29A218165FA75E /* Pods-PaackTest-iOSTests.release.xcconfig */,
			);
			path = Pods;
			sourceTree = "<group>";
		};
		F2E51F255D772BACEA0B0F17 /* Frameworks */ = {
			isa = PBXGroup;
			children = (
				9C68B79E03296DD13B2C59CE /* Pods_PaackTest_iOS.framework */,
				34ED502D904E4D45719D399E /* Pods_PaackTest_iOS_PaackTest_iOSUITests.framework */,
				E3F483DBF400BB63BE39751A /* Pods_PaackTest_iOSTests.framework */,
			);
			name = Frameworks;
			sourceTree = "<group>";
		};
/* End PBXGroup section */

/* Begin PBXNativeTarget section */
		A8036D4725B85F2200188698 /* PaackTest-iOS */ = {
			isa = PBXNativeTarget;
			buildConfigurationList = A8036D7225B85F2400188698 /* Build configuration list for PBXNativeTarget "PaackTest-iOS" */;
			buildPhases = (
				5104273AD733B3A7FED9EE64 /* [CP] Check Pods Manifest.lock */,
				A8036D4425B85F2200188698 /* Sources */,
				A8036D4525B85F2200188698 /* Frameworks */,
				A8036D4625B85F2200188698 /* Resources */,
				D04F81DEB845422F68DBD4D4 /* [CP] Embed Pods Frameworks */,
			);
			buildRules = (
			);
			dependencies = (
			);
			name = "PaackTest-iOS";
			productName = "PaackTest-iOS";
			productReference = A8036D4825B85F2200188698 /* PaackTest-iOS.app */;
			productType = "com.apple.product-type.application";
		};
		A8036D5D25B85F2400188698 /* PaackTest-iOSTests */ = {
			isa = PBXNativeTarget;
			buildConfigurationList = A8036D7525B85F2400188698 /* Build configuration list for PBXNativeTarget "PaackTest-iOSTests" */;
			buildPhases = (
				AD1C7AB74BF9F7559A196A3F /* [CP] Check Pods Manifest.lock */,
				A8036D5A25B85F2400188698 /* Sources */,
				A8036D5B25B85F2400188698 /* Frameworks */,
				A8036D5C25B85F2400188698 /* Resources */,
			);
			buildRules = (
			);
			dependencies = (
				A8036D6025B85F2400188698 /* PBXTargetDependency */,
			);
			name = "PaackTest-iOSTests";
			productName = "PaackTest-iOSTests";
			productReference = A8036D5E25B85F2400188698 /* PaackTest-iOSTests.xctest */;
			productType = "com.apple.product-type.bundle.unit-test";
		};
		A8036D6825B85F2400188698 /* PaackTest-iOSUITests */ = {
			isa = PBXNativeTarget;
			buildConfigurationList = A8036D7825B85F2400188698 /* Build configuration list for PBXNativeTarget "PaackTest-iOSUITests" */;
			buildPhases = (
				481DE9DBC72459B989AA9489 /* [CP] Check Pods Manifest.lock */,
				A8036D6525B85F2400188698 /* Sources */,
				A8036D6625B85F2400188698 /* Frameworks */,
				A8036D6725B85F2400188698 /* Resources */,
				2B203881B6B4175F06BB0EA7 /* [CP] Embed Pods Frameworks */,
			);
			buildRules = (
			);
			dependencies = (
				A8036D6B25B85F2400188698 /* PBXTargetDependency */,
			);
			name = "PaackTest-iOSUITests";
			productName = "PaackTest-iOSUITests";
			productReference = A8036D6925B85F2400188698 /* PaackTest-iOSUITests.xctest */;
			productType = "com.apple.product-type.bundle.ui-testing";
		};
/* End PBXNativeTarget section */

/* Begin PBXProject section */
		A8036D4025B85F2200188698 /* Project object */ = {
			isa = PBXProject;
			attributes = {
				LastSwiftUpdateCheck = 1220;
				LastUpgradeCheck = 1220;
				TargetAttributes = {
					A8036D4725B85F2200188698 = {
						CreatedOnToolsVersion = 12.2;
					};
					A8036D5D25B85F2400188698 = {
						CreatedOnToolsVersion = 12.2;
						TestTargetID = A8036D4725B85F2200188698;
					};
					A8036D6825B85F2400188698 = {
						CreatedOnToolsVersion = 12.2;
						TestTargetID = A8036D4725B85F2200188698;
					};
				};
			};
			buildConfigurationList = A8036D4325B85F2200188698 /* Build configuration list for PBXProject "PaackTest-iOS" */;
			compatibilityVersion = "Xcode 9.3";
			developmentRegion = en;
			hasScannedForEncodings = 0;
			knownRegions = (
				en,
				Base,
			);
			mainGroup = A8036D3F25B85F2200188698;
			productRefGroup = A8036D4925B85F2200188698 /* Products */;
			projectDirPath = "";
			projectRoot = "";
			targets = (
				A8036D4725B85F2200188698 /* PaackTest-iOS */,
				A8036D5D25B85F2400188698 /* PaackTest-iOSTests */,
				A8036D6825B85F2400188698 /* PaackTest-iOSUITests */,
			);
		};
/* End PBXProject section */

/* Begin PBXResourcesBuildPhase section */
		A8036D4625B85F2200188698 /* Resources */ = {
			isa = PBXResourcesBuildPhase;
			buildActionMask = 2147483647;
			files = (
				A8036D5825B85F2400188698 /* LaunchScreen.storyboard in Resources */,
				A8036DCA25B890BD00188698 /* DeliveryDetailsView.xib in Resources */,
				A8036DD725B8936C00188698 /* DeliveryListCell.xib in Resources */,
				A8036D5525B85F2400188698 /* Assets.xcassets in Resources */,
				A8036DB825B8907E00188698 /* DeliveriesListView.xib in Resources */,
			);
			runOnlyForDeploymentPostprocessing = 0;
		};
		A8036D5C25B85F2400188698 /* Resources */ = {
			isa = PBXResourcesBuildPhase;
			buildActionMask = 2147483647;
			files = (
				2EB7621E25BBB42400F12002 /* DeliveriesListView.xib in Resources */,
				2EB7622625BBB42B00F12002 /* DeliveryListCell.xib in Resources */,
				2EB7620725BBB03000F12002 /* DeliveryDetailsView.xib in Resources */,
			);
			runOnlyForDeploymentPostprocessing = 0;
		};
		A8036D6725B85F2400188698 /* Resources */ = {
			isa = PBXResourcesBuildPhase;
			buildActionMask = 2147483647;
			files = (
			);
			runOnlyForDeploymentPostprocessing = 0;
		};
/* End PBXResourcesBuildPhase section */

/* Begin PBXShellScriptBuildPhase section */
		2B203881B6B4175F06BB0EA7 /* [CP] Embed Pods Frameworks */ = {
			isa = PBXShellScriptBuildPhase;
			buildActionMask = 2147483647;
			files = (
			);
			inputFileListPaths = (
				"${PODS_ROOT}/Target Support Files/Pods-PaackTest-iOS-PaackTest-iOSUITests/Pods-PaackTest-iOS-PaackTest-iOSUITests-frameworks-${CONFIGURATION}-input-files.xcfilelist",
			);
			name = "[CP] Embed Pods Frameworks";
			outputFileListPaths = (
				"${PODS_ROOT}/Target Support Files/Pods-PaackTest-iOS-PaackTest-iOSUITests/Pods-PaackTest-iOS-PaackTest-iOSUITests-frameworks-${CONFIGURATION}-output-files.xcfilelist",
			);
			runOnlyForDeploymentPostprocessing = 0;
			shellPath = /bin/sh;
			shellScript = "\"${PODS_ROOT}/Target Support Files/Pods-PaackTest-iOS-PaackTest-iOSUITests/Pods-PaackTest-iOS-PaackTest-iOSUITests-frameworks.sh\"\n";
			showEnvVarsInLog = 0;
		};
		481DE9DBC72459B989AA9489 /* [CP] Check Pods Manifest.lock */ = {
			isa = PBXShellScriptBuildPhase;
			buildActionMask = 2147483647;
			files = (
			);
			inputFileListPaths = (
			);
			inputPaths = (
				"${PODS_PODFILE_DIR_PATH}/Podfile.lock",
				"${PODS_ROOT}/Manifest.lock",
			);
			name = "[CP] Check Pods Manifest.lock";
			outputFileListPaths = (
			);
			outputPaths = (
				"$(DERIVED_FILE_DIR)/Pods-PaackTest-iOS-PaackTest-iOSUITests-checkManifestLockResult.txt",
			);
			runOnlyForDeploymentPostprocessing = 0;
			shellPath = /bin/sh;
			shellScript = "diff \"${PODS_PODFILE_DIR_PATH}/Podfile.lock\" \"${PODS_ROOT}/Manifest.lock\" > /dev/null\nif [ $? != 0 ] ; then\n    # print error to STDERR\n    echo \"error: The sandbox is not in sync with the Podfile.lock. Run 'pod install' or update your CocoaPods installation.\" >&2\n    exit 1\nfi\n# This output is used by Xcode 'outputs' to avoid re-running this script phase.\necho \"SUCCESS\" > \"${SCRIPT_OUTPUT_FILE_0}\"\n";
			showEnvVarsInLog = 0;
		};
		5104273AD733B3A7FED9EE64 /* [CP] Check Pods Manifest.lock */ = {
			isa = PBXShellScriptBuildPhase;
			buildActionMask = 2147483647;
			files = (
			);
			inputFileListPaths = (
			);
			inputPaths = (
				"${PODS_PODFILE_DIR_PATH}/Podfile.lock",
				"${PODS_ROOT}/Manifest.lock",
			);
			name = "[CP] Check Pods Manifest.lock";
			outputFileListPaths = (
			);
			outputPaths = (
				"$(DERIVED_FILE_DIR)/Pods-PaackTest-iOS-checkManifestLockResult.txt",
			);
			runOnlyForDeploymentPostprocessing = 0;
			shellPath = /bin/sh;
			shellScript = "diff \"${PODS_PODFILE_DIR_PATH}/Podfile.lock\" \"${PODS_ROOT}/Manifest.lock\" > /dev/null\nif [ $? != 0 ] ; then\n    # print error to STDERR\n    echo \"error: The sandbox is not in sync with the Podfile.lock. Run 'pod install' or update your CocoaPods installation.\" >&2\n    exit 1\nfi\n# This output is used by Xcode 'outputs' to avoid re-running this script phase.\necho \"SUCCESS\" > \"${SCRIPT_OUTPUT_FILE_0}\"\n";
			showEnvVarsInLog = 0;
		};
		AD1C7AB74BF9F7559A196A3F /* [CP] Check Pods Manifest.lock */ = {
			isa = PBXShellScriptBuildPhase;
			buildActionMask = 2147483647;
			files = (
			);
			inputFileListPaths = (
			);
			inputPaths = (
				"${PODS_PODFILE_DIR_PATH}/Podfile.lock",
				"${PODS_ROOT}/Manifest.lock",
			);
			name = "[CP] Check Pods Manifest.lock";
			outputFileListPaths = (
			);
			outputPaths = (
				"$(DERIVED_FILE_DIR)/Pods-PaackTest-iOSTests-checkManifestLockResult.txt",
			);
			runOnlyForDeploymentPostprocessing = 0;
			shellPath = /bin/sh;
			shellScript = "diff \"${PODS_PODFILE_DIR_PATH}/Podfile.lock\" \"${PODS_ROOT}/Manifest.lock\" > /dev/null\nif [ $? != 0 ] ; then\n    # print error to STDERR\n    echo \"error: The sandbox is not in sync with the Podfile.lock. Run 'pod install' or update your CocoaPods installation.\" >&2\n    exit 1\nfi\n# This output is used by Xcode 'outputs' to avoid re-running this script phase.\necho \"SUCCESS\" > \"${SCRIPT_OUTPUT_FILE_0}\"\n";
			showEnvVarsInLog = 0;
		};
		D04F81DEB845422F68DBD4D4 /* [CP] Embed Pods Frameworks */ = {
			isa = PBXShellScriptBuildPhase;
			buildActionMask = 2147483647;
			files = (
			);
			inputFileListPaths = (
				"${PODS_ROOT}/Target Support Files/Pods-PaackTest-iOS/Pods-PaackTest-iOS-frameworks-${CONFIGURATION}-input-files.xcfilelist",
			);
			name = "[CP] Embed Pods Frameworks";
			outputFileListPaths = (
				"${PODS_ROOT}/Target Support Files/Pods-PaackTest-iOS/Pods-PaackTest-iOS-frameworks-${CONFIGURATION}-output-files.xcfilelist",
			);
			runOnlyForDeploymentPostprocessing = 0;
			shellPath = /bin/sh;
			shellScript = "\"${PODS_ROOT}/Target Support Files/Pods-PaackTest-iOS/Pods-PaackTest-iOS-frameworks.sh\"\n";
			showEnvVarsInLog = 0;
		};
/* End PBXShellScriptBuildPhase section */

/* Begin PBXSourcesBuildPhase section */
		A8036D4425B85F2200188698 /* Sources */ = {
			isa = PBXSourcesBuildPhase;
			buildActionMask = 2147483647;
			files = (
				A8036DB325B8907E00188698 /* DeliveriesListPresenter.swift in Sources */,
				A8036DD625B8936C00188698 /* DeliveryListCell.swift in Sources */,
				A8036DE625B8963600188698 /* Reachability.swift in Sources */,
				A8036DE125B895F300188698 /* StringConstants.swift in Sources */,
				A8036DDC25B895C900188698 /* Alamofire + Extensions.swift in Sources */,
				A8036DCB25B890BD00188698 /* DeliveryDetailsEntity.swift in Sources */,
				A8036D4C25B85F2200188698 /* AppDelegate.swift in Sources */,
				A8036DC625B890BD00188698 /* DeliveryDetailsRouter.swift in Sources */,
				A8036DC725B890BD00188698 /* DeliveryDetailsContracts.swift in Sources */,
				A8036DF025B897B800188698 /* UIViewController + Extensions.swift in Sources */,
				A8036DC825B890BD00188698 /* DeliveryDetailsInteractor.swift in Sources */,
				A8036DB525B8907E00188698 /* DeliveriesListContracts.swift in Sources */,
				A8036D9625B87D8D00188698 /* Constants.swift in Sources */,
				A8036DC525B890BD00188698 /* DeliveryDetailsPresenter.swift in Sources */,
				A8036DB925B8907E00188698 /* DeliveriesListEntity.swift in Sources */,
				A8036DEB25B8975900188698 /* Extensions.swift in Sources */,
				A8036DB425B8907E00188698 /* DeliveriesListRouter.swift in Sources */,
				A8036DC925B890BD00188698 /* DeliveryDetailsView.swift in Sources */,
				A8036DB725B8907E00188698 /* DeliveriesListView.swift in Sources */,
				A8036DB625B8907E00188698 /* DeliveriesListInteractor.swift in Sources */,
			);
			runOnlyForDeploymentPostprocessing = 0;
		};
		A8036D5A25B85F2400188698 /* Sources */ = {
			isa = PBXSourcesBuildPhase;
			buildActionMask = 2147483647;
			files = (
				A8036D6325B85F2400188698 /* PaackTest_iOSTests.swift in Sources */,
				2EB7621C25BBB42400F12002 /* DeliveriesListContracts.swift in Sources */,
				2EB7622125BBB42400F12002 /* DeliveriesListView.swift in Sources */,
				2EB7621225BBB41C00F12002 /* UIViewController + Extensions.swift in Sources */,
				2EB7620425BBB03000F12002 /* DeliveryDetailsRouter.swift in Sources */,
				2EB7620325BBB03000F12002 /* DeliveryDetailsView.swift in Sources */,
				2EB761FB25BBAFF500F12002 /* DeliveryModuleTests.swift in Sources */,
				2EB7621425BBB41C00F12002 /* Alamofire + Extensions.swift in Sources */,
				2EB7621D25BBB42400F12002 /* DeliveriesListInteractor.swift in Sources */,
				2EB7620525BBB03000F12002 /* DeliveryDetailsContracts.swift in Sources */,
				2EB7620825BBB03000F12002 /* DeliveryDetailsEntity.swift in Sources */,
				2EB7621625BBB41C00F12002 /* Extensions.swift in Sources */,
				2EB7621525BBB41C00F12002 /* StringConstants.swift in Sources */,
				2EB7620625BBB03000F12002 /* DeliveryDetailsInteractor.swift in Sources */,
				2EB7621725BBB41C00F12002 /* Constants.swift in Sources */,
				2EB7621F25BBB42400F12002 /* DeliveriesListEntity.swift in Sources */,
				2EB7622525BBB42B00F12002 /* DeliveryListCell.swift in Sources */,
				2EB7621B25BBB42400F12002 /* DeliveriesListPresenter.swift in Sources */,
				2EB7622025BBB42400F12002 /* DeliveriesListRouter.swift in Sources */,
				2EB7621325BBB41C00F12002 /* Reachability.swift in Sources */,
				2EB7620225BBB03000F12002 /* DeliveryDetailsPresenter.swift in Sources */,
			);
			runOnlyForDeploymentPostprocessing = 0;
		};
		A8036D6525B85F2400188698 /* Sources */ = {
			isa = PBXSourcesBuildPhase;
			buildActionMask = 2147483647;
			files = (
				A8036D6E25B85F2400188698 /* PaackTest_iOSUITests.swift in Sources */,
			);
			runOnlyForDeploymentPostprocessing = 0;
		};
/* End PBXSourcesBuildPhase section */

/* Begin PBXTargetDependency section */
		A8036D6025B85F2400188698 /* PBXTargetDependency */ = {
			isa = PBXTargetDependency;
			target = A8036D4725B85F2200188698 /* PaackTest-iOS */;
			targetProxy = A8036D5F25B85F2400188698 /* PBXContainerItemProxy */;
		};
		A8036D6B25B85F2400188698 /* PBXTargetDependency */ = {
			isa = PBXTargetDependency;
			target = A8036D4725B85F2200188698 /* PaackTest-iOS */;
			targetProxy = A8036D6A25B85F2400188698 /* PBXContainerItemProxy */;
		};
/* End PBXTargetDependency section */

/* Begin PBXVariantGroup section */
		A8036D5625B85F2400188698 /* LaunchScreen.storyboard */ = {
			isa = PBXVariantGroup;
			children = (
				A8036D5725B85F2400188698 /* Base */,
			);
			name = LaunchScreen.storyboard;
			sourceTree = "<group>";
		};
/* End PBXVariantGroup section */

/* Begin XCBuildConfiguration section */
		A8036D7025B85F2400188698 /* Debug */ = {
			isa = XCBuildConfiguration;
			buildSettings = {
				ALWAYS_SEARCH_USER_PATHS = NO;
				CLANG_ANALYZER_NONNULL = YES;
				CLANG_ANALYZER_NUMBER_OBJECT_CONVERSION = YES_AGGRESSIVE;
				CLANG_CXX_LANGUAGE_STANDARD = "gnu++14";
				CLANG_CXX_LIBRARY = "libc++";
				CLANG_ENABLE_MODULES = YES;
				CLANG_ENABLE_OBJC_ARC = YES;
				CLANG_ENABLE_OBJC_WEAK = YES;
				CLANG_WARN_BLOCK_CAPTURE_AUTORELEASING = YES;
				CLANG_WARN_BOOL_CONVERSION = YES;
				CLANG_WARN_COMMA = YES;
				CLANG_WARN_CONSTANT_CONVERSION = YES;
				CLANG_WARN_DEPRECATED_OBJC_IMPLEMENTATIONS = YES;
				CLANG_WARN_DIRECT_OBJC_ISA_USAGE = YES_ERROR;
				CLANG_WARN_DOCUMENTATION_COMMENTS = YES;
				CLANG_WARN_EMPTY_BODY = YES;
				CLANG_WARN_ENUM_CONVERSION = YES;
				CLANG_WARN_INFINITE_RECURSION = YES;
				CLANG_WARN_INT_CONVERSION = YES;
				CLANG_WARN_NON_LITERAL_NULL_CONVERSION = YES;
				CLANG_WARN_OBJC_IMPLICIT_RETAIN_SELF = YES;
				CLANG_WARN_OBJC_LITERAL_CONVERSION = YES;
				CLANG_WARN_OBJC_ROOT_CLASS = YES_ERROR;
				CLANG_WARN_QUOTED_INCLUDE_IN_FRAMEWORK_HEADER = YES;
				CLANG_WARN_RANGE_LOOP_ANALYSIS = YES;
				CLANG_WARN_STRICT_PROTOTYPES = YES;
				CLANG_WARN_SUSPICIOUS_MOVE = YES;
				CLANG_WARN_UNGUARDED_AVAILABILITY = YES_AGGRESSIVE;
				CLANG_WARN_UNREACHABLE_CODE = YES;
				CLANG_WARN__DUPLICATE_METHOD_MATCH = YES;
				COPY_PHASE_STRIP = NO;
				DEBUG_INFORMATION_FORMAT = dwarf;
				ENABLE_STRICT_OBJC_MSGSEND = YES;
				ENABLE_TESTABILITY = YES;
				GCC_C_LANGUAGE_STANDARD = gnu11;
				GCC_DYNAMIC_NO_PIC = NO;
				GCC_NO_COMMON_BLOCKS = YES;
				GCC_OPTIMIZATION_LEVEL = 0;
				GCC_PREPROCESSOR_DEFINITIONS = (
					"DEBUG=1",
					"$(inherited)",
				);
				GCC_WARN_64_TO_32_BIT_CONVERSION = YES;
				GCC_WARN_ABOUT_RETURN_TYPE = YES_ERROR;
				GCC_WARN_UNDECLARED_SELECTOR = YES;
				GCC_WARN_UNINITIALIZED_AUTOS = YES_AGGRESSIVE;
				GCC_WARN_UNUSED_FUNCTION = YES;
				GCC_WARN_UNUSED_VARIABLE = YES;
				IPHONEOS_DEPLOYMENT_TARGET = 13.0;
				MTL_ENABLE_DEBUG_INFO = INCLUDE_SOURCE;
				MTL_FAST_MATH = YES;
				ONLY_ACTIVE_ARCH = YES;
				SDKROOT = iphoneos;
				SWIFT_ACTIVE_COMPILATION_CONDITIONS = DEBUG;
				SWIFT_OPTIMIZATION_LEVEL = "-Onone";
			};
			name = Debug;
		};
		A8036D7125B85F2400188698 /* Release */ = {
			isa = XCBuildConfiguration;
			buildSettings = {
				ALWAYS_SEARCH_USER_PATHS = NO;
				CLANG_ANALYZER_NONNULL = YES;
				CLANG_ANALYZER_NUMBER_OBJECT_CONVERSION = YES_AGGRESSIVE;
				CLANG_CXX_LANGUAGE_STANDARD = "gnu++14";
				CLANG_CXX_LIBRARY = "libc++";
				CLANG_ENABLE_MODULES = YES;
				CLANG_ENABLE_OBJC_ARC = YES;
				CLANG_ENABLE_OBJC_WEAK = YES;
				CLANG_WARN_BLOCK_CAPTURE_AUTORELEASING = YES;
				CLANG_WARN_BOOL_CONVERSION = YES;
				CLANG_WARN_COMMA = YES;
				CLANG_WARN_CONSTANT_CONVERSION = YES;
				CLANG_WARN_DEPRECATED_OBJC_IMPLEMENTATIONS = YES;
				CLANG_WARN_DIRECT_OBJC_ISA_USAGE = YES_ERROR;
				CLANG_WARN_DOCUMENTATION_COMMENTS = YES;
				CLANG_WARN_EMPTY_BODY = YES;
				CLANG_WARN_ENUM_CONVERSION = YES;
				CLANG_WARN_INFINITE_RECURSION = YES;
				CLANG_WARN_INT_CONVERSION = YES;
				CLANG_WARN_NON_LITERAL_NULL_CONVERSION = YES;
				CLANG_WARN_OBJC_IMPLICIT_RETAIN_SELF = YES;
				CLANG_WARN_OBJC_LITERAL_CONVERSION = YES;
				CLANG_WARN_OBJC_ROOT_CLASS = YES_ERROR;
				CLANG_WARN_QUOTED_INCLUDE_IN_FRAMEWORK_HEADER = YES;
				CLANG_WARN_RANGE_LOOP_ANALYSIS = YES;
				CLANG_WARN_STRICT_PROTOTYPES = YES;
				CLANG_WARN_SUSPICIOUS_MOVE = YES;
				CLANG_WARN_UNGUARDED_AVAILABILITY = YES_AGGRESSIVE;
				CLANG_WARN_UNREACHABLE_CODE = YES;
				CLANG_WARN__DUPLICATE_METHOD_MATCH = YES;
				COPY_PHASE_STRIP = NO;
				DEBUG_INFORMATION_FORMAT = "dwarf-with-dsym";
				ENABLE_NS_ASSERTIONS = NO;
				ENABLE_STRICT_OBJC_MSGSEND = YES;
				GCC_C_LANGUAGE_STANDARD = gnu11;
				GCC_NO_COMMON_BLOCKS = YES;
				GCC_WARN_64_TO_32_BIT_CONVERSION = YES;
				GCC_WARN_ABOUT_RETURN_TYPE = YES_ERROR;
				GCC_WARN_UNDECLARED_SELECTOR = YES;
				GCC_WARN_UNINITIALIZED_AUTOS = YES_AGGRESSIVE;
				GCC_WARN_UNUSED_FUNCTION = YES;
				GCC_WARN_UNUSED_VARIABLE = YES;
				IPHONEOS_DEPLOYMENT_TARGET = 13.0;
				MTL_ENABLE_DEBUG_INFO = NO;
				MTL_FAST_MATH = YES;
				SDKROOT = iphoneos;
				SWIFT_COMPILATION_MODE = wholemodule;
				SWIFT_OPTIMIZATION_LEVEL = "-O";
				VALIDATE_PRODUCT = YES;
			};
			name = Release;
		};
		A8036D7325B85F2400188698 /* Debug */ = {
			isa = XCBuildConfiguration;
			baseConfigurationReference = 07CACBBAFFD405007F231A51 /* Pods-PaackTest-iOS.debug.xcconfig */;
			buildSettings = {
				ASSETCATALOG_COMPILER_APPICON_NAME = AppIcon;
				ASSETCATALOG_COMPILER_GLOBAL_ACCENT_COLOR_NAME = AccentColor;
				CODE_SIGN_STYLE = Automatic;
				DEVELOPMENT_TEAM = 28557U83BM;
				INFOPLIST_FILE = "PaackTest-iOS/Info.plist";
				IPHONEOS_DEPLOYMENT_TARGET = 13.0;
				LD_RUNPATH_SEARCH_PATHS = (
					"$(inherited)",
					"@executable_path/Frameworks",
				);
				PRODUCT_BUNDLE_IDENTIFIER = "com.paack.PaackTest-iOS";
				PRODUCT_NAME = "$(TARGET_NAME)";
				SWIFT_VERSION = 5.0;
				TARGETED_DEVICE_FAMILY = "1,2";
			};
			name = Debug;
		};
		A8036D7425B85F2400188698 /* Release */ = {
			isa = XCBuildConfiguration;
			baseConfigurationReference = EAC753E81987E89E2A0F9672 /* Pods-PaackTest-iOS.release.xcconfig */;
			buildSettings = {
				ASSETCATALOG_COMPILER_APPICON_NAME = AppIcon;
				ASSETCATALOG_COMPILER_GLOBAL_ACCENT_COLOR_NAME = AccentColor;
				CODE_SIGN_STYLE = Automatic;
				DEVELOPMENT_TEAM = 28557U83BM;
				INFOPLIST_FILE = "PaackTest-iOS/Info.plist";
				IPHONEOS_DEPLOYMENT_TARGET = 13.0;
				LD_RUNPATH_SEARCH_PATHS = (
					"$(inherited)",
					"@executable_path/Frameworks",
				);
				PRODUCT_BUNDLE_IDENTIFIER = "com.paack.PaackTest-iOS";
				PRODUCT_NAME = "$(TARGET_NAME)";
				SWIFT_VERSION = 5.0;
				TARGETED_DEVICE_FAMILY = "1,2";
			};
			name = Release;
		};
		A8036D7625B85F2400188698 /* Debug */ = {
			isa = XCBuildConfiguration;
			baseConfigurationReference = FC7C0C3F961A260BBB3EAF72 /* Pods-PaackTest-iOSTests.debug.xcconfig */;
			buildSettings = {
				ALWAYS_EMBED_SWIFT_STANDARD_LIBRARIES = YES;
				BUNDLE_LOADER = "$(TEST_HOST)";
				CODE_SIGN_STYLE = Automatic;
				DEVELOPMENT_TEAM = 28557U83BM;
				INFOPLIST_FILE = "PaackTest-iOSTests/Info.plist";
				IPHONEOS_DEPLOYMENT_TARGET = 14.2;
				LD_RUNPATH_SEARCH_PATHS = (
					"$(inherited)",
					"@executable_path/Frameworks",
					"@loader_path/Frameworks",
				);
				PRODUCT_BUNDLE_IDENTIFIER = "com.paack.PaackTest-iOSTests";
				PRODUCT_NAME = "$(TARGET_NAME)";
				SWIFT_VERSION = 5.0;
				TARGETED_DEVICE_FAMILY = "1,2";
				TEST_HOST = "$(BUILT_PRODUCTS_DIR)/PaackTest-iOS.app/PaackTest-iOS";
			};
			name = Debug;
		};
		A8036D7725B85F2400188698 /* Release */ = {
			isa = XCBuildConfiguration;
			baseConfigurationReference = BAC8A7127E29A218165FA75E /* Pods-PaackTest-iOSTests.release.xcconfig */;
			buildSettings = {
				ALWAYS_EMBED_SWIFT_STANDARD_LIBRARIES = YES;
				BUNDLE_LOADER = "$(TEST_HOST)";
				CODE_SIGN_STYLE = Automatic;
				DEVELOPMENT_TEAM = 28557U83BM;
				INFOPLIST_FILE = "PaackTest-iOSTests/Info.plist";
				IPHONEOS_DEPLOYMENT_TARGET = 14.2;
				LD_RUNPATH_SEARCH_PATHS = (
					"$(inherited)",
					"@executable_path/Frameworks",
					"@loader_path/Frameworks",
				);
				PRODUCT_BUNDLE_IDENTIFIER = "com.paack.PaackTest-iOSTests";
				PRODUCT_NAME = "$(TARGET_NAME)";
				SWIFT_VERSION = 5.0;
				TARGETED_DEVICE_FAMILY = "1,2";
				TEST_HOST = "$(BUILT_PRODUCTS_DIR)/PaackTest-iOS.app/PaackTest-iOS";
			};
			name = Release;
		};
		A8036D7925B85F2400188698 /* Debug */ = {
			isa = XCBuildConfiguration;
			baseConfigurationReference = 0AA53BFB33BC5EB6CC5567D5 /* Pods-PaackTest-iOS-PaackTest-iOSUITests.debug.xcconfig */;
			buildSettings = {
				ALWAYS_EMBED_SWIFT_STANDARD_LIBRARIES = YES;
				CODE_SIGN_STYLE = Automatic;
				DEVELOPMENT_TEAM = 28557U83BM;
				INFOPLIST_FILE = "PaackTest-iOSUITests/Info.plist";
				LD_RUNPATH_SEARCH_PATHS = (
					"$(inherited)",
					"@executable_path/Frameworks",
					"@loader_path/Frameworks",
				);
				PRODUCT_BUNDLE_IDENTIFIER = "com.paack.PaackTest-iOSUITests";
				PRODUCT_NAME = "$(TARGET_NAME)";
				SWIFT_VERSION = 5.0;
				TARGETED_DEVICE_FAMILY = "1,2";
				TEST_TARGET_NAME = "PaackTest-iOS";
			};
			name = Debug;
		};
		A8036D7A25B85F2400188698 /* Release */ = {
			isa = XCBuildConfiguration;
			baseConfigurationReference = 64FC7FEA16D9878509478879 /* Pods-PaackTest-iOS-PaackTest-iOSUITests.release.xcconfig */;
			buildSettings = {
				ALWAYS_EMBED_SWIFT_STANDARD_LIBRARIES = YES;
				CODE_SIGN_STYLE = Automatic;
				DEVELOPMENT_TEAM = 28557U83BM;
				INFOPLIST_FILE = "PaackTest-iOSUITests/Info.plist";
				LD_RUNPATH_SEARCH_PATHS = (
					"$(inherited)",
					"@executable_path/Frameworks",
					"@loader_path/Frameworks",
				);
				PRODUCT_BUNDLE_IDENTIFIER = "com.paack.PaackTest-iOSUITests";
				PRODUCT_NAME = "$(TARGET_NAME)";
				SWIFT_VERSION = 5.0;
				TARGETED_DEVICE_FAMILY = "1,2";
				TEST_TARGET_NAME = "PaackTest-iOS";
			};
			name = Release;
		};
/* End XCBuildConfiguration section */

/* Begin XCConfigurationList section */
		A8036D4325B85F2200188698 /* Build configuration list for PBXProject "PaackTest-iOS" */ = {
			isa = XCConfigurationList;
			buildConfigurations = (
				A8036D7025B85F2400188698 /* Debug */,
				A8036D7125B85F2400188698 /* Release */,
			);
			defaultConfigurationIsVisible = 0;
			defaultConfigurationName = Release;
		};
		A8036D7225B85F2400188698 /* Build configuration list for PBXNativeTarget "PaackTest-iOS" */ = {
			isa = XCConfigurationList;
			buildConfigurations = (
				A8036D7325B85F2400188698 /* Debug */,
				A8036D7425B85F2400188698 /* Release */,
			);
			defaultConfigurationIsVisible = 0;
			defaultConfigurationName = Release;
		};
		A8036D7525B85F2400188698 /* Build configuration list for PBXNativeTarget "PaackTest-iOSTests" */ = {
			isa = XCConfigurationList;
			buildConfigurations = (
				A8036D7625B85F2400188698 /* Debug */,
				A8036D7725B85F2400188698 /* Release */,
			);
			defaultConfigurationIsVisible = 0;
			defaultConfigurationName = Release;
		};
		A8036D7825B85F2400188698 /* Build configuration list for PBXNativeTarget "PaackTest-iOSUITests" */ = {
			isa = XCConfigurationList;
			buildConfigurations = (
				A8036D7925B85F2400188698 /* Debug */,
				A8036D7A25B85F2400188698 /* Release */,
			);
			defaultConfigurationIsVisible = 0;
			defaultConfigurationName = Release;
		};
/* End XCConfigurationList section */
	};
	rootObject = A8036D4025B85F2200188698 /* Project object */;
}
